// !$*UTF8*$!
{
	archiveVersion = 1;
	classes = {
	};
	objectVersion = 46;
	objects = {

/* Begin PBXBuildFile section */
		44A518F21AEB059D00ECD4ED /* AppDelegate.swift in Sources */ = {isa = PBXBuildFile; fileRef = 44A518F11AEB059D00ECD4ED /* AppDelegate.swift */; };
		44A518F41AEB059D00ECD4ED /* ViewController.swift in Sources */ = {isa = PBXBuildFile; fileRef = 44A518F31AEB059D00ECD4ED /* ViewController.swift */; };
		44A518F71AEB059D00ECD4ED /* Main.storyboard in Resources */ = {isa = PBXBuildFile; fileRef = 44A518F51AEB059D00ECD4ED /* Main.storyboard */; };
		44A518F91AEB059D00ECD4ED /* Images.xcassets in Resources */ = {isa = PBXBuildFile; fileRef = 44A518F81AEB059D00ECD4ED /* Images.xcassets */; };
		44A518FC1AEB059D00ECD4ED /* LaunchScreen.xib in Resources */ = {isa = PBXBuildFile; fileRef = 44A518FA1AEB059D00ECD4ED /* LaunchScreen.xib */; };
		44A519081AEB059D00ECD4ED /* PostcardTests.swift in Sources */ = {isa = PBXBuildFile; fileRef = 44A519071AEB059D00ECD4ED /* PostcardTests.swift */; };
/* End PBXBuildFile section */

/* Begin PBXContainerItemProxy section */
		44A519021AEB059D00ECD4ED /* PBXContainerItemProxy */ = {
			isa = PBXContainerItemProxy;
			containerPortal = 44A518E41AEB059C00ECD4ED /* Project object */;
			proxyType = 1;
			remoteGlobalIDString = 44A518EB1AEB059D00ECD4ED;
			remoteInfo = Postcard;
		};
/* End PBXContainerItemProxy section */

/* Begin PBXFileReference section */
		44A518EC1AEB059D00ECD4ED /* Postcard.app */ = {isa = PBXFileReference; explicitFileType = wrapper.application; includeInIndex = 0; path = Postcard.app; sourceTree = BUILT_PRODUCTS_DIR; };
		44A518F01AEB059D00ECD4ED /* Info.plist */ = {isa = PBXFileReference; lastKnownFileType = text.plist.xml; path = Info.plist; sourceTree = "<group>"; };
		44A518F11AEB059D00ECD4ED /* AppDelegate.swift */ = {isa = PBXFileReference; lastKnownFileType = sourcecode.swift; path = AppDelegate.swift; sourceTree = "<group>"; };
		44A518F31AEB059D00ECD4ED /* ViewController.swift */ = {isa = PBXFileReference; lastKnownFileType = sourcecode.swift; path = ViewController.swift; sourceTree = "<group>"; };
		44A518F61AEB059D00ECD4ED /* Base */ = {isa = PBXFileReference; lastKnownFileType = file.storyboard; name = Base; path = Base.lproj/Main.storyboard; sourceTree = "<group>"; };
		44A518F81AEB059D00ECD4ED /* Images.xcassets */ = {isa = PBXFileReference; lastKnownFileType = folder.assetcatalog; path = Images.xcassets; sourceTree = "<group>"; };
		44A518FB1AEB059D00ECD4ED /* Base */ = {isa = PBXFileReference; lastKnownFileType = file.xib; name = Base; path = Base.lproj/LaunchScreen.xib; sourceTree = "<group>"; };
		44A519011AEB059D00ECD4ED /* PostcardTests.xctest */ = {isa = PBXFileReference; explicitFileType = wrapper.cfbundle; includeInIndex = 0; path = PostcardTests.xctest; sourceTree = BUILT_PRODUCTS_DIR; };
		44A519061AEB059D00ECD4ED /* Info.plist */ = {isa = PBXFileReference; lastKnownFileType = text.plist.xml; path = Info.plist; sourceTree = "<group>"; };
		44A519071AEB059D00ECD4ED /* PostcardTests.swift */ = {isa = PBXFileReference; lastKnownFileType = sourcecode.swift; path = PostcardTests.swift; sourceTree = "<group>"; };
/* End PBXFileReference section */

/* Begin PBXFrameworksBuildPhase section */
		44A518E91AEB059D00ECD4ED /* Frameworks */ = {
			isa = PBXFrameworksBuildPhase;
			buildActionMask = 2147483647;
			files = (
			);
			runOnlyForDeploymentPostprocessing = 0;
		};
		44A518FE1AEB059D00ECD4ED /* Frameworks */ = {
			isa = PBXFrameworksBuildPhase;
			buildActionMask = 2147483647;
			files = (
			);
			runOnlyForDeploymentPostprocessing = 0;
		};
/* End PBXFrameworksBuildPhase section */

/* Begin PBXGroup section */
		44A518E31AEB059C00ECD4ED = {
			isa = PBXGroup;
			children = (
				44A518EE1AEB059D00ECD4ED /* Postcard */,
				44A519041AEB059D00ECD4ED /* PostcardTests */,
				44A518ED1AEB059D00ECD4ED /* Products */,
			);
			sourceTree = "<group>";
		};
		44A518ED1AEB059D00ECD4ED /* Products */ = {
			isa = PBXGroup;
			children = (
				44A518EC1AEB059D00ECD4ED /* Postcard.app */,
				44A519011AEB059D00ECD4ED /* PostcardTests.xctest */,
			);
			name = Products;
			sourceTree = "<group>";
		};
		44A518EE1AEB059D00ECD4ED /* Postcard */ = {
			isa = PBXGroup;
			children = (
				44A518F11AEB059D00ECD4ED /* AppDelegate.swift */,
				44A518F31AEB059D00ECD4ED /* ViewController.swift */,
				44A518F51AEB059D00ECD4ED /* Main.storyboard */,
				44A518F81AEB059D00ECD4ED /* Images.xcassets */,
				44A518FA1AEB059D00ECD4ED /* LaunchScreen.xib */,
				44A518EF1AEB059D00ECD4ED /* Supporting Files */,
			);
			path = Postcard;
			sourceTree = "<group>";
		};
		44A518EF1AEB059D00ECD4ED /* Supporting Files */ = {
			isa = PBXGroup;
			children = (
				44A518F01AEB059D00ECD4ED /* Info.plist */,
			);
			name = "Supporting Files";
			sourceTree = "<group>";
		};
		44A519041AEB059D00ECD4ED /* PostcardTests */ = {
			isa = PBXGroup;
			children = (
				44A519071AEB059D00ECD4ED /* PostcardTests.swift */,
				44A519051AEB059D00ECD4ED /* Supporting Files */,
			);
			path = PostcardTests;
			sourceTree = "<group>";
		};
		44A519051AEB059D00ECD4ED /* Supporting Files */ = {
			isa = PBXGroup;
			children = (
				44A519061AEB059D00ECD4ED /* Info.plist */,
			);
			name = "Supporting Files";
			sourceTree = "<group>";
		};
/* End PBXGroup section */

/* Begin PBXNativeTarget section */
		44A518EB1AEB059D00ECD4ED /* Postcard */ = {
			isa = PBXNativeTarget;
			buildConfigurationList = 44A5190B1AEB059D00ECD4ED /* Build configuration list for PBXNativeTarget "Postcard" */;
			buildPhases = (
				44A518E81AEB059D00ECD4ED /* Sources */,
				44A518E91AEB059D00ECD4ED /* Frameworks */,
				44A518EA1AEB059D00ECD4ED /* Resources */,
			);
			buildRules = (
			);
			dependencies = (
			);
			name = Postcard;
			productName = Postcard;
			productReference = 44A518EC1AEB059D00ECD4ED /* Postcard.app */;
			productType = "com.apple.product-type.application";
		};
		44A519001AEB059D00ECD4ED /* PostcardTests */ = {
			isa = PBXNativeTarget;
			buildConfigurationList = 44A5190E1AEB059D00ECD4ED /* Build configuration list for PBXNativeTarget "PostcardTests" */;
			buildPhases = (
				44A518FD1AEB059D00ECD4ED /* Sources */,
				44A518FE1AEB059D00ECD4ED /* Frameworks */,
				44A518FF1AEB059D00ECD4ED /* Resources */,
			);
			buildRules = (
			);
			dependencies = (
				44A519031AEB059D00ECD4ED /* PBXTargetDependency */,
			);
			name = PostcardTests;
			productName = PostcardTests;
			productReference = 44A519011AEB059D00ECD4ED /* PostcardTests.xctest */;
			productType = "com.apple.product-type.bundle.unit-test";
		};
/* End PBXNativeTarget section */

/* Begin PBXProject section */
		44A518E41AEB059C00ECD4ED /* Project object */ = {
			isa = PBXProject;
			attributes = {
				LastUpgradeCheck = 0630;
				ORGANIZATIONNAME = Howsocute;
				TargetAttributes = {
					44A518EB1AEB059D00ECD4ED = {
						CreatedOnToolsVersion = 6.3.1;
					};
					44A519001AEB059D00ECD4ED = {
						CreatedOnToolsVersion = 6.3.1;
						TestTargetID = 44A518EB1AEB059D00ECD4ED;
					};
				};
			};
			buildConfigurationList = 44A518E71AEB059C00ECD4ED /* Build configuration list for PBXProject "Postcard" */;
			compatibilityVersion = "Xcode 3.2";
			developmentRegion = English;
			hasScannedForEncodings = 0;
			knownRegions = (
				en,
				Base,
			);
			mainGroup = 44A518E31AEB059C00ECD4ED;
			productRefGroup = 44A518ED1AEB059D00ECD4ED /* Products */;
			projectDirPath = "";
			projectRoot = "";
			targets = (
				44A518EB1AEB059D00ECD4ED /* Postcard */,
				44A519001AEB059D00ECD4ED /* PostcardTests */,
			);
		};
/* End PBXProject section */

/* Begin PBXResourcesBuildPhase section */
		44A518EA1AEB059D00ECD4ED /* Resources */ = {
			isa = PBXResourcesBuildPhase;
			buildActionMask = 2147483647;
			files = (
				44A518F71AEB059D00ECD4ED /* Main.storyboard in Resources */,
				44A518FC1AEB059D00ECD4ED /* LaunchScreen.xib in Resources */,
				44A518F91AEB059D00ECD4ED /* Images.xcassets in Resources */,
			);
			runOnlyForDeploymentPostprocessing = 0;
		};
		44A518FF1AEB059D00ECD4ED /* Resources */ = {
			isa = PBXResourcesBuildPhase;
			buildActionMask = 2147483647;
			files = (
			);
			runOnlyForDeploymentPostprocessing = 0;
		};
/* End PBXResourcesBuildPhase section */

/* Begin PBXSourcesBuildPhase section */
		44A518E81AEB059D00ECD4ED /* Sources */ = {
			isa = PBXSourcesBuildPhase;
			buildActionMask = 2147483647;
			files = (
				44A518F41AEB059D00ECD4ED /* ViewController.swift in Sources */,
				44A518F21AEB059D00ECD4ED /* AppDelegate.swift in Sources */,
			);
			runOnlyForDeploymentPostprocessing = 0;
		};
		44A518FD1AEB059D00ECD4ED /* Sources */ = {
			isa = PBXSourcesBuildPhase;
			buildActionMask = 2147483647;
			files = (
				44A519081AEB059D00ECD4ED /* PostcardTests.swift in Sources */,
			);
			runOnlyForDeploymentPostprocessing = 0;
		};
/* End PBXSourcesBuildPhase section */

/* Begin PBXTargetDependency section */
		44A519031AEB059D00ECD4ED /* PBXTargetDependency */ = {
			isa = PBXTargetDependency;
			target = 44A518EB1AEB059D00ECD4ED /* Postcard */;
			targetProxy = 44A519021AEB059D00ECD4ED /* PBXContainerItemProxy */;
		};
/* End PBXTargetDependency section */

/* Begin PBXVariantGroup section */
		44A518F51AEB059D00ECD4ED /* Main.storyboard */ = {
			isa = PBXVariantGroup;
			children = (
				44A518F61AEB059D00ECD4ED /* Base */,
			);
			name = Main.storyboard;
			sourceTree = "<group>";
		};
		44A518FA1AEB059D00ECD4ED /* LaunchScreen.xib */ = {
			isa = PBXVariantGroup;
			children = (
				44A518FB1AEB059D00ECD4ED /* Base */,
			);
			name = LaunchScreen.xib;
			sourceTree = "<group>";
		};
/* End PBXVariantGroup section */

/* Begin XCBuildConfiguration section */
		44A519091AEB059D00ECD4ED /* Debug */ = {
			isa = XCBuildConfiguration;
			buildSettings = {
				ALWAYS_SEARCH_USER_PATHS = NO;
				CLANG_CXX_LANGUAGE_STANDARD = "gnu++0x";
				CLANG_CXX_LIBRARY = "libc++";
				CLANG_ENABLE_MODULES = YES;
				CLANG_ENABLE_OBJC_ARC = YES;
				CLANG_WARN_BOOL_CONVERSION = YES;
				CLANG_WARN_CONSTANT_CONVERSION = YES;
				CLANG_WARN_DIRECT_OBJC_ISA_USAGE = YES_ERROR;
				CLANG_WARN_EMPTY_BODY = YES;
				CLANG_WARN_ENUM_CONVERSION = YES;
				CLANG_WARN_INT_CONVERSION = YES;
				CLANG_WARN_OBJC_ROOT_CLASS = YES_ERROR;
				CLANG_WARN_UNREACHABLE_CODE = YES;
				CLANG_WARN__DUPLICATE_METHOD_MATCH = YES;
				"CODE_SIGN_IDENTITY[sdk=iphoneos*]" = "iPhone Developer";
				COPY_PHASE_STRIP = NO;
				DEBUG_INFORMATION_FORMAT = "dwarf-with-dsym";
				ENABLE_STRICT_OBJC_MSGSEND = YES;
				GCC_C_LANGUAGE_STANDARD = gnu99;
				GCC_DYNAMIC_NO_PIC = NO;
				GCC_NO_COMMON_BLOCKS = YES;
				GCC_OPTIMIZATION_LEVEL = 0;
				GCC_PREPROCESSOR_DEFINITIONS = (
					"DEBUG=1",
					"$(inherited)",
				);
				GCC_SYMBOLS_PRIVATE_EXTERN = NO;
				GCC_WARN_64_TO_32_BIT_CONVERSION = YES;
				GCC_WARN_ABOUT_RETURN_TYPE = YES_ERROR;
				GCC_WARN_UNDECLARED_SELECTOR = YES;
				GCC_WARN_UNINITIALIZED_AUTOS = YES_AGGRESSIVE;
				GCC_WARN_UNUSED_FUNCTION = YES;
				GCC_WARN_UNUSED_VARIABLE = YES;
				IPHONEOS_DEPLOYMENT_TARGET = 8.3;
				MTL_ENABLE_DEBUG_INFO = YES;
				ONLY_ACTIVE_ARCH = YES;
				SDKROOT = iphoneos;
				SWIFT_OPTIMIZATION_LEVEL = "-Onone";
			};
			name = Debug;
		};
		44A5190A1AEB059D00ECD4ED /* Release */ = {
			isa = XCBuildConfiguration;
			buildSettings = {
				ALWAYS_SEARCH_USER_PATHS = NO;
				CLANG_CXX_LANGUAGE_STANDARD = "gnu++0x";
				CLANG_CXX_LIBRARY = "libc++";
				CLANG_ENABLE_MODULES = YES;
				CLANG_ENABLE_OBJC_ARC = YES;
				CLANG_WARN_BOOL_CONVERSION = YES;
				CLANG_WARN_CONSTANT_CONVERSION = YES;
				CLANG_WARN_DIRECT_OBJC_ISA_USAGE = YES_ERROR;
				CLANG_WARN_EMPTY_BODY = YES;
				CLANG_WARN_ENUM_CONVERSION = YES;
				CLANG_WARN_INT_CONVERSION = YES;
				CLANG_WARN_OBJC_ROOT_CLASS = YES_ERROR;
				CLANG_WARN_UNREACHABLE_CODE = YES;
				CLANG_WARN__DUPLICATE_METHOD_MATCH = YES;
				"CODE_SIGN_IDENTITY[sdk=iphoneos*]" = "iPhone Developer";
				COPY_PHASE_STRIP = NO;
				DEBUG_INFORMATION_FORMAT = "dwarf-with-dsym";
				ENABLE_NS_ASSERTIONS = NO;
				ENABLE_STRICT_OBJC_MSGSEND = YES;
				GCC_C_LANGUAGE_STANDARD = gnu99;
				GCC_NO_COMMON_BLOCKS = YES;
				GCC_WARN_64_TO_32_BIT_CONVERSION = YES;
				GCC_WARN_ABOUT_RETURN_TYPE = YES_ERROR;
				GCC_WARN_UNDECLARED_SELECTOR = YES;
				GCC_WARN_UNINITIALIZED_AUTOS = YES_AGGRESSIVE;
				GCC_WARN_UNUSED_FUNCTION = YES;
				GCC_WARN_UNUSED_VARIABLE = YES;
				IPHONEOS_DEPLOYMENT_TARGET = 8.3;
				MTL_ENABLE_DEBUG_INFO = NO;
				SDKROOT = iphoneos;
				VALIDATE_PRODUCT = YES;
			};
			name = Release;
		};
		44A5190C1AEB059D00ECD4ED /* Debug */ = {
			isa = XCBuildConfiguration;
			buildSettings = {
				ASSETCATALOG_COMPILER_APPICON_NAME = AppIcon;
				INFOPLIST_FILE = Postcard/Info.plist;
				LD_RUNPATH_SEARCH_PATHS = "$(inherited) @executable_path/Frameworks";
				PRODUCT_NAME = "$(TARGET_NAME)";
			};
			name = Debug;
		};
		44A5190D1AEB059D00ECD4ED /* Release */ = {
			isa = XCBuildConfiguration;
			buildSettings = {
				ASSETCATALOG_COMPILER_APPICON_NAME = AppIcon;
				INFOPLIST_FILE = Postcard/Info.plist;
				LD_RUNPATH_SEARCH_PATHS = "$(inherited) @executable_path/Frameworks";
				PRODUCT_NAME = "$(TARGET_NAME)";
			};
			name = Release;
		};
		44A5190F1AEB059D00ECD4ED /* Debug */ = {
			isa = XCBuildConfiguration;
			buildSettings = {
				BUNDLE_LOADER = "$(TEST_HOST)";
				FRAMEWORK_SEARCH_PATHS = (
					"$(SDKROOT)/Developer/Library/Frameworks",
					"$(inherited)",
				);
				GCC_PREPROCESSOR_DEFINITIONS = (
					"DEBUG=1",
					"$(inherited)",
				);
				INFOPLIST_FILE = PostcardTests/Info.plist;
				LD_RUNPATH_SEARCH_PATHS = "$(inherited) @executable_path/Frameworks @loader_path/Frameworks";
				PRODUCT_NAME = "$(TARGET_NAME)";
				TEST_HOST = "$(BUILT_PRODUCTS_DIR)/Postcard.app/Postcard";
			};
			name = Debug;
		};
		44A519101AEB059D00ECD4ED /* Release */ = {
			isa = XCBuildConfiguration;
			buildSettings = {
				BUNDLE_LOADER = "$(TEST_HOST)";
				FRAMEWORK_SEARCH_PATHS = (
					"$(SDKROOT)/Developer/Library/Frameworks",
					"$(inherited)",
				);
				INFOPLIST_FILE = PostcardTests/Info.plist;
				LD_RUNPATH_SEARCH_PATHS = "$(inherited) @executable_path/Frameworks @loader_path/Frameworks";
				PRODUCT_NAME = "$(TARGET_NAME)";
				TEST_HOST = "$(BUILT_PRODUCTS_DIR)/Postcard.app/Postcard";
			};
			name = Release;
		};
/* End XCBuildConfiguration section */

/* Begin XCConfigurationList section */
		44A518E71AEB059C00ECD4ED /* Build configuration list for PBXProject "Postcard" */ = {
			isa = XCConfigurationList;
			buildConfigurations = (
				44A519091AEB059D00ECD4ED /* Debug */,
				44A5190A1AEB059D00ECD4ED /* Release */,
			);
			defaultConfigurationIsVisible = 0;
			defaultConfigurationName = Release;
		};
		44A5190B1AEB059D00ECD4ED /* Build configuration list for PBXNativeTarget "Postcard" */ = {
			isa = XCConfigurationList;
			buildConfigurations = (
				44A5190C1AEB059D00ECD4ED /* Debug */,
				44A5190D1AEB059D00ECD4ED /* Release */,
			);
			defaultConfigurationIsVisible = 0;
		};
		44A5190E1AEB059D00ECD4ED /* Build configuration list for PBXNativeTarget "PostcardTests" */ = {
			isa = XCConfigurationList;
			buildConfigurations = (
				44A5190F1AEB059D00ECD4ED /* Debug */,
				44A519101AEB059D00ECD4ED /* Release */,
			);
			defaultConfigurationIsVisible = 0;
		};
/* End XCConfigurationList section */
	};
	rootObject = 44A518E41AEB059C00ECD4ED /* Project object */;
}
